// !$*UTF8*$!
{
	archiveVersion = 1;
	classes = {
	};
	objectVersion = 56;
	objects = {

/* Begin PBXBuildFile section */
		A618772229B8077600BEF4F7 /* CreateBusinessViewController.swift in Sources */ = {isa = PBXBuildFile; fileRef = A618772029B8077600BEF4F7 /* CreateBusinessViewController.swift */; };
		A618772329B8077600BEF4F7 /* CreateBusinessViewController.xib in Resources */ = {isa = PBXBuildFile; fileRef = A618772129B8077600BEF4F7 /* CreateBusinessViewController.xib */; };
		A618772629B91F2300BEF4F7 /* MyBusiness.swift in Sources */ = {isa = PBXBuildFile; fileRef = A618772529B91F2300BEF4F7 /* MyBusiness.swift */; };
		A618772A29B9424600BEF4F7 /* BusinessCell.swift in Sources */ = {isa = PBXBuildFile; fileRef = A618772829B9424500BEF4F7 /* BusinessCell.swift */; };
		A618772B29B9424600BEF4F7 /* BusinessCell.xib in Resources */ = {isa = PBXBuildFile; fileRef = A618772929B9424600BEF4F7 /* BusinessCell.xib */; };
		B04BB81629B663AF00505316 /* AppDelegate.swift in Sources */ = {isa = PBXBuildFile; fileRef = B04BB81529B663AF00505316 /* AppDelegate.swift */; };
		B04BB81829B663AF00505316 /* SceneDelegate.swift in Sources */ = {isa = PBXBuildFile; fileRef = B04BB81729B663AF00505316 /* SceneDelegate.swift */; };
		B04BB81D29B663AF00505316 /* Main.storyboard in Resources */ = {isa = PBXBuildFile; fileRef = B04BB81B29B663AF00505316 /* Main.storyboard */; };
		B04BB82029B663AF00505316 /* BusinessApp.xcdatamodeld in Sources */ = {isa = PBXBuildFile; fileRef = B04BB81E29B663AF00505316 /* BusinessApp.xcdatamodeld */; };
		B04BB82229B663B000505316 /* Assets.xcassets in Resources */ = {isa = PBXBuildFile; fileRef = B04BB82129B663B000505316 /* Assets.xcassets */; };
		B04BB82529B663B000505316 /* LaunchScreen.storyboard in Resources */ = {isa = PBXBuildFile; fileRef = B04BB82329B663B000505316 /* LaunchScreen.storyboard */; };
		B04BB83029B663B100505316 /* BusinessAppTests.swift in Sources */ = {isa = PBXBuildFile; fileRef = B04BB82F29B663B100505316 /* BusinessAppTests.swift */; };
		B04BB83A29B663B100505316 /* BusinessAppUITests.swift in Sources */ = {isa = PBXBuildFile; fileRef = B04BB83929B663B100505316 /* BusinessAppUITests.swift */; };
		B04BB83C29B663B100505316 /* BusinessAppUITestsLaunchTests.swift in Sources */ = {isa = PBXBuildFile; fileRef = B04BB83B29B663B100505316 /* BusinessAppUITestsLaunchTests.swift */; };
		B07B238929B9693400159202 /* ListOfBusinessAdapter.swift in Sources */ = {isa = PBXBuildFile; fileRef = B07B238829B9693400159202 /* ListOfBusinessAdapter.swift */; };
		B07B238C29B9737A00159202 /* ListBusinessViewController.swift in Sources */ = {isa = PBXBuildFile; fileRef = B07B238A29B9737A00159202 /* ListBusinessViewController.swift */; };
		B07B238D29B9737A00159202 /* ListBusinessViewController.xib in Resources */ = {isa = PBXBuildFile; fileRef = B07B238B29B9737A00159202 /* ListBusinessViewController.xib */; };
/* End PBXBuildFile section */

/* Begin PBXContainerItemProxy section */
		B04BB82C29B663B000505316 /* PBXContainerItemProxy */ = {
			isa = PBXContainerItemProxy;
			containerPortal = B04BB80A29B663AF00505316 /* Project object */;
			proxyType = 1;
			remoteGlobalIDString = B04BB81129B663AF00505316;
			remoteInfo = BusinessApp;
		};
		B04BB83629B663B100505316 /* PBXContainerItemProxy */ = {
			isa = PBXContainerItemProxy;
			containerPortal = B04BB80A29B663AF00505316 /* Project object */;
			proxyType = 1;
			remoteGlobalIDString = B04BB81129B663AF00505316;
			remoteInfo = BusinessApp;
		};
/* End PBXContainerItemProxy section */

/* Begin PBXFileReference section */
		A618772029B8077600BEF4F7 /* CreateBusinessViewController.swift */ = {isa = PBXFileReference; lastKnownFileType = sourcecode.swift; path = CreateBusinessViewController.swift; sourceTree = "<group>"; };
		A618772129B8077600BEF4F7 /* CreateBusinessViewController.xib */ = {isa = PBXFileReference; lastKnownFileType = file.xib; path = CreateBusinessViewController.xib; sourceTree = "<group>"; };
		A618772529B91F2300BEF4F7 /* MyBusiness.swift */ = {isa = PBXFileReference; lastKnownFileType = sourcecode.swift; path = MyBusiness.swift; sourceTree = "<group>"; };
		A618772829B9424500BEF4F7 /* BusinessCell.swift */ = {isa = PBXFileReference; lastKnownFileType = sourcecode.swift; path = BusinessCell.swift; sourceTree = "<group>"; };
		A618772929B9424600BEF4F7 /* BusinessCell.xib */ = {isa = PBXFileReference; lastKnownFileType = file.xib; path = BusinessCell.xib; sourceTree = "<group>"; };
		B04BB81229B663AF00505316 /* BusinessApp.app */ = {isa = PBXFileReference; explicitFileType = wrapper.application; includeInIndex = 0; path = BusinessApp.app; sourceTree = BUILT_PRODUCTS_DIR; };
		B04BB81529B663AF00505316 /* AppDelegate.swift */ = {isa = PBXFileReference; lastKnownFileType = sourcecode.swift; path = AppDelegate.swift; sourceTree = "<group>"; };
		B04BB81729B663AF00505316 /* SceneDelegate.swift */ = {isa = PBXFileReference; lastKnownFileType = sourcecode.swift; path = SceneDelegate.swift; sourceTree = "<group>"; };
		B04BB81C29B663AF00505316 /* Base */ = {isa = PBXFileReference; lastKnownFileType = file.storyboard; name = Base; path = Base.lproj/Main.storyboard; sourceTree = "<group>"; };
		B04BB81F29B663AF00505316 /* BusinessApp.xcdatamodel */ = {isa = PBXFileReference; lastKnownFileType = wrapper.xcdatamodel; path = BusinessApp.xcdatamodel; sourceTree = "<group>"; };
		B04BB82129B663B000505316 /* Assets.xcassets */ = {isa = PBXFileReference; lastKnownFileType = folder.assetcatalog; path = Assets.xcassets; sourceTree = "<group>"; };
		B04BB82429B663B000505316 /* Base */ = {isa = PBXFileReference; lastKnownFileType = file.storyboard; name = Base; path = Base.lproj/LaunchScreen.storyboard; sourceTree = "<group>"; };
		B04BB82629B663B000505316 /* Info.plist */ = {isa = PBXFileReference; lastKnownFileType = text.plist.xml; path = Info.plist; sourceTree = "<group>"; };
		B04BB82B29B663B000505316 /* BusinessAppTests.xctest */ = {isa = PBXFileReference; explicitFileType = wrapper.cfbundle; includeInIndex = 0; path = BusinessAppTests.xctest; sourceTree = BUILT_PRODUCTS_DIR; };
		B04BB82F29B663B100505316 /* BusinessAppTests.swift */ = {isa = PBXFileReference; lastKnownFileType = sourcecode.swift; path = BusinessAppTests.swift; sourceTree = "<group>"; };
		B04BB83529B663B100505316 /* BusinessAppUITests.xctest */ = {isa = PBXFileReference; explicitFileType = wrapper.cfbundle; includeInIndex = 0; path = BusinessAppUITests.xctest; sourceTree = BUILT_PRODUCTS_DIR; };
		B04BB83929B663B100505316 /* BusinessAppUITests.swift */ = {isa = PBXFileReference; lastKnownFileType = sourcecode.swift; path = BusinessAppUITests.swift; sourceTree = "<group>"; };
		B04BB83B29B663B100505316 /* BusinessAppUITestsLaunchTests.swift */ = {isa = PBXFileReference; lastKnownFileType = sourcecode.swift; path = BusinessAppUITestsLaunchTests.swift; sourceTree = "<group>"; };
		B07B238829B9693400159202 /* ListOfBusinessAdapter.swift */ = {isa = PBXFileReference; lastKnownFileType = sourcecode.swift; path = ListOfBusinessAdapter.swift; sourceTree = "<group>"; };
		B07B238A29B9737A00159202 /* ListBusinessViewController.swift */ = {isa = PBXFileReference; lastKnownFileType = sourcecode.swift; path = ListBusinessViewController.swift; sourceTree = "<group>"; };
		B07B238B29B9737A00159202 /* ListBusinessViewController.xib */ = {isa = PBXFileReference; lastKnownFileType = file.xib; path = ListBusinessViewController.xib; sourceTree = "<group>"; };
/* End PBXFileReference section */

/* Begin PBXFrameworksBuildPhase section */
		B04BB80F29B663AF00505316 /* Frameworks */ = {
			isa = PBXFrameworksBuildPhase;
			buildActionMask = 2147483647;
			files = (
			);
			runOnlyForDeploymentPostprocessing = 0;
		};
		B04BB82829B663B000505316 /* Frameworks */ = {
			isa = PBXFrameworksBuildPhase;
			buildActionMask = 2147483647;
			files = (
			);
			runOnlyForDeploymentPostprocessing = 0;
		};
		B04BB83229B663B100505316 /* Frameworks */ = {
			isa = PBXFrameworksBuildPhase;
			buildActionMask = 2147483647;
			files = (
			);
			runOnlyForDeploymentPostprocessing = 0;
		};
/* End PBXFrameworksBuildPhase section */

/* Begin PBXGroup section */
		A618771A29B804F400BEF4F7 /* CreateBusiness */ = {
			isa = PBXGroup;
			children = (
				A618771E29B8071400BEF4F7 /* Model */,
				A618771D29B8070600BEF4F7 /* View */,
				A618771C29B806FB00BEF4F7 /* Router */,
				A618771B29B806EF00BEF4F7 /* ViewModel */,
			);
			path = CreateBusiness;
			sourceTree = "<group>";
		};
		A618771B29B806EF00BEF4F7 /* ViewModel */ = {
			isa = PBXGroup;
			children = (
			);
			path = ViewModel;
			sourceTree = "<group>";
		};
		A618771C29B806FB00BEF4F7 /* Router */ = {
			isa = PBXGroup;
			children = (
			);
			path = Router;
			sourceTree = "<group>";
		};
		A618771D29B8070600BEF4F7 /* View */ = {
			isa = PBXGroup;
			children = (
				A618772029B8077600BEF4F7 /* CreateBusinessViewController.swift */,
				A618772129B8077600BEF4F7 /* CreateBusinessViewController.xib */,
			);
			path = View;
			sourceTree = "<group>";
		};
		A618771E29B8071400BEF4F7 /* Model */ = {
			isa = PBXGroup;
			children = (
				A618772529B91F2300BEF4F7 /* MyBusiness.swift */,
			);
			path = Model;
			sourceTree = "<group>";
		};
		A618772729B940C400BEF4F7 /* Cell */ = {
			isa = PBXGroup;
			children = (
				A618772829B9424500BEF4F7 /* BusinessCell.swift */,
				A618772929B9424600BEF4F7 /* BusinessCell.xib */,
				B07B238A29B9737A00159202 /* ListBusinessViewController.swift */,
				B07B238B29B9737A00159202 /* ListBusinessViewController.xib */,
			);
			path = Cell;
			sourceTree = "<group>";
		};
		B02DB37F29B7ED1200D03E7F /* Main */ = {
			isa = PBXGroup;
			children = (
				B04BB81529B663AF00505316 /* AppDelegate.swift */,
				B04BB82629B663B000505316 /* Info.plist */,
				B04BB82329B663B000505316 /* LaunchScreen.storyboard */,
				B04BB81729B663AF00505316 /* SceneDelegate.swift */,
			);
			path = Main;
			sourceTree = "<group>";
		};
		B02DB38029B7ED6A00D03E7F /* Resources */ = {
			isa = PBXGroup;
			children = (
				B04BB82129B663B000505316 /* Assets.xcassets */,
			);
			path = Resources;
			sourceTree = "<group>";
		};
		B02DB38129B7ED8300D03E7F /* Modules */ = {
			isa = PBXGroup;
			children = (
				A618771A29B804F400BEF4F7 /* CreateBusiness */,
				B02DB38529B7EDFB00D03E7F /* ListOfBusiness */,
			);
			path = Modules;
			sourceTree = "<group>";
		};
		B02DB38329B7EDAF00D03E7F /* ViewModel */ = {
			isa = PBXGroup;
			children = (
			);
			path = ViewModel;
			sourceTree = "<group>";
		};
		B02DB38429B7EDC300D03E7F /* View */ = {
			isa = PBXGroup;
			children = (
				A618772729B940C400BEF4F7 /* Cell */,
			);
			path = View;
			sourceTree = "<group>";
		};
		B02DB38529B7EDFB00D03E7F /* ListOfBusiness */ = {
			isa = PBXGroup;
			children = (
				B07B238729B9690F00159202 /* Adapter */,
				B02DB38429B7EDC300D03E7F /* View */,
				B02DB38629B7EE8300D03E7F /* Router */,
				B02DB38329B7EDAF00D03E7F /* ViewModel */,
			);
			path = ListOfBusiness;
			sourceTree = "<group>";
		};
		B02DB38629B7EE8300D03E7F /* Router */ = {
			isa = PBXGroup;
			children = (
			);
			path = Router;
			sourceTree = "<group>";
		};
		B04BB80929B663AF00505316 = {
			isa = PBXGroup;
			children = (
				B04BB81429B663AF00505316 /* BusinessApp */,
				B04BB82E29B663B000505316 /* BusinessAppTests */,
				B04BB83829B663B100505316 /* BusinessAppUITests */,
				B04BB81329B663AF00505316 /* Products */,
			);
			sourceTree = "<group>";
		};
		B04BB81329B663AF00505316 /* Products */ = {
			isa = PBXGroup;
			children = (
				B04BB81229B663AF00505316 /* BusinessApp.app */,
				B04BB82B29B663B000505316 /* BusinessAppTests.xctest */,
				B04BB83529B663B100505316 /* BusinessAppUITests.xctest */,
			);
			name = Products;
			sourceTree = "<group>";
		};
		B04BB81429B663AF00505316 /* BusinessApp */ = {
			isa = PBXGroup;
			children = (
				B02DB37F29B7ED1200D03E7F /* Main */,
				B02DB38129B7ED8300D03E7F /* Modules */,
				B02DB38029B7ED6A00D03E7F /* Resources */,
				B04BB81B29B663AF00505316 /* Main.storyboard */,
				B04BB81E29B663AF00505316 /* BusinessApp.xcdatamodeld */,
			);
			path = BusinessApp;
			sourceTree = "<group>";
		};
		B04BB82E29B663B000505316 /* BusinessAppTests */ = {
			isa = PBXGroup;
			children = (
				B04BB82F29B663B100505316 /* BusinessAppTests.swift */,
			);
			path = BusinessAppTests;
			sourceTree = "<group>";
		};
		B04BB83829B663B100505316 /* BusinessAppUITests */ = {
			isa = PBXGroup;
			children = (
				B04BB83929B663B100505316 /* BusinessAppUITests.swift */,
				B04BB83B29B663B100505316 /* BusinessAppUITestsLaunchTests.swift */,
			);
			path = BusinessAppUITests;
			sourceTree = "<group>";
		};
		B07B238729B9690F00159202 /* Adapter */ = {
			isa = PBXGroup;
			children = (
				B07B238829B9693400159202 /* ListOfBusinessAdapter.swift */,
			);
			path = Adapter;
			sourceTree = "<group>";
		};
/* End PBXGroup section */

/* Begin PBXNativeTarget section */
		B04BB81129B663AF00505316 /* BusinessApp */ = {
			isa = PBXNativeTarget;
			buildConfigurationList = B04BB83F29B663B100505316 /* Build configuration list for PBXNativeTarget "BusinessApp" */;
			buildPhases = (
				B04BB80E29B663AF00505316 /* Sources */,
				B04BB80F29B663AF00505316 /* Frameworks */,
				B04BB81029B663AF00505316 /* Resources */,
			);
			buildRules = (
			);
			dependencies = (
			);
			name = BusinessApp;
			productName = BusinessApp;
			productReference = B04BB81229B663AF00505316 /* BusinessApp.app */;
			productType = "com.apple.product-type.application";
		};
		B04BB82A29B663B000505316 /* BusinessAppTests */ = {
			isa = PBXNativeTarget;
			buildConfigurationList = B04BB84229B663B100505316 /* Build configuration list for PBXNativeTarget "BusinessAppTests" */;
			buildPhases = (
				B04BB82729B663B000505316 /* Sources */,
				B04BB82829B663B000505316 /* Frameworks */,
				B04BB82929B663B000505316 /* Resources */,
			);
			buildRules = (
			);
			dependencies = (
				B04BB82D29B663B000505316 /* PBXTargetDependency */,
			);
			name = BusinessAppTests;
			productName = BusinessAppTests;
			productReference = B04BB82B29B663B000505316 /* BusinessAppTests.xctest */;
			productType = "com.apple.product-type.bundle.unit-test";
		};
		B04BB83429B663B100505316 /* BusinessAppUITests */ = {
			isa = PBXNativeTarget;
			buildConfigurationList = B04BB84529B663B100505316 /* Build configuration list for PBXNativeTarget "BusinessAppUITests" */;
			buildPhases = (
				B04BB83129B663B100505316 /* Sources */,
				B04BB83229B663B100505316 /* Frameworks */,
				B04BB83329B663B100505316 /* Resources */,
			);
			buildRules = (
			);
			dependencies = (
				B04BB83729B663B100505316 /* PBXTargetDependency */,
			);
			name = BusinessAppUITests;
			productName = BusinessAppUITests;
			productReference = B04BB83529B663B100505316 /* BusinessAppUITests.xctest */;
			productType = "com.apple.product-type.bundle.ui-testing";
		};
/* End PBXNativeTarget section */

/* Begin PBXProject section */
		B04BB80A29B663AF00505316 /* Project object */ = {
			isa = PBXProject;
			attributes = {
				BuildIndependentTargetsInParallel = 1;
				LastSwiftUpdateCheck = 1420;
				LastUpgradeCheck = 1420;
				TargetAttributes = {
					B04BB81129B663AF00505316 = {
						CreatedOnToolsVersion = 14.2;
					};
					B04BB82A29B663B000505316 = {
						CreatedOnToolsVersion = 14.2;
						TestTargetID = B04BB81129B663AF00505316;
					};
					B04BB83429B663B100505316 = {
						CreatedOnToolsVersion = 14.2;
						TestTargetID = B04BB81129B663AF00505316;
					};
				};
			};
			buildConfigurationList = B04BB80D29B663AF00505316 /* Build configuration list for PBXProject "BusinessApp" */;
			compatibilityVersion = "Xcode 14.0";
			developmentRegion = en;
			hasScannedForEncodings = 0;
			knownRegions = (
				en,
				Base,
			);
			mainGroup = B04BB80929B663AF00505316;
			productRefGroup = B04BB81329B663AF00505316 /* Products */;
			projectDirPath = "";
			projectRoot = "";
			targets = (
				B04BB81129B663AF00505316 /* BusinessApp */,
				B04BB82A29B663B000505316 /* BusinessAppTests */,
				B04BB83429B663B100505316 /* BusinessAppUITests */,
			);
		};
/* End PBXProject section */

/* Begin PBXResourcesBuildPhase section */
		B04BB81029B663AF00505316 /* Resources */ = {
			isa = PBXResourcesBuildPhase;
			buildActionMask = 2147483647;
			files = (
				B04BB82529B663B000505316 /* LaunchScreen.storyboard in Resources */,
				B04BB82229B663B000505316 /* Assets.xcassets in Resources */,
				B04BB81D29B663AF00505316 /* Main.storyboard in Resources */,
				A618772329B8077600BEF4F7 /* CreateBusinessViewController.xib in Resources */,
				B07B238D29B9737A00159202 /* ListBusinessViewController.xib in Resources */,
				A618772B29B9424600BEF4F7 /* BusinessCell.xib in Resources */,
			);
			runOnlyForDeploymentPostprocessing = 0;
		};
		B04BB82929B663B000505316 /* Resources */ = {
			isa = PBXResourcesBuildPhase;
			buildActionMask = 2147483647;
			files = (
			);
			runOnlyForDeploymentPostprocessing = 0;
		};
		B04BB83329B663B100505316 /* Resources */ = {
			isa = PBXResourcesBuildPhase;
			buildActionMask = 2147483647;
			files = (
			);
			runOnlyForDeploymentPostprocessing = 0;
		};
/* End PBXResourcesBuildPhase section */

/* Begin PBXSourcesBuildPhase section */
		B04BB80E29B663AF00505316 /* Sources */ = {
			isa = PBXSourcesBuildPhase;
			buildActionMask = 2147483647;
			files = (
				A618772A29B9424600BEF4F7 /* BusinessCell.swift in Sources */,
				B04BB82029B663AF00505316 /* BusinessApp.xcdatamodeld in Sources */,
				A618772229B8077600BEF4F7 /* CreateBusinessViewController.swift in Sources */,
				B07B238929B9693400159202 /* ListOfBusinessAdapter.swift in Sources */,
				B04BB81629B663AF00505316 /* AppDelegate.swift in Sources */,
				B04BB81829B663AF00505316 /* SceneDelegate.swift in Sources */,
				B07B238C29B9737A00159202 /* ListBusinessViewController.swift in Sources */,
				A618772629B91F2300BEF4F7 /* MyBusiness.swift in Sources */,
			);
			runOnlyForDeploymentPostprocessing = 0;
		};
		B04BB82729B663B000505316 /* Sources */ = {
			isa = PBXSourcesBuildPhase;
			buildActionMask = 2147483647;
			files = (
				B04BB83029B663B100505316 /* BusinessAppTests.swift in Sources */,
			);
			runOnlyForDeploymentPostprocessing = 0;
		};
		B04BB83129B663B100505316 /* Sources */ = {
			isa = PBXSourcesBuildPhase;
			buildActionMask = 2147483647;
			files = (
				B04BB83C29B663B100505316 /* BusinessAppUITestsLaunchTests.swift in Sources */,
				B04BB83A29B663B100505316 /* BusinessAppUITests.swift in Sources */,
			);
			runOnlyForDeploymentPostprocessing = 0;
		};
/* End PBXSourcesBuildPhase section */

/* Begin PBXTargetDependency section */
		B04BB82D29B663B000505316 /* PBXTargetDependency */ = {
			isa = PBXTargetDependency;
			target = B04BB81129B663AF00505316 /* BusinessApp */;
			targetProxy = B04BB82C29B663B000505316 /* PBXContainerItemProxy */;
		};
		B04BB83729B663B100505316 /* PBXTargetDependency */ = {
			isa = PBXTargetDependency;
			target = B04BB81129B663AF00505316 /* BusinessApp */;
			targetProxy = B04BB83629B663B100505316 /* PBXContainerItemProxy */;
		};
/* End PBXTargetDependency section */

/* Begin PBXVariantGroup section */
		B04BB81B29B663AF00505316 /* Main.storyboard */ = {
			isa = PBXVariantGroup;
			children = (
				B04BB81C29B663AF00505316 /* Base */,
			);
			name = Main.storyboard;
			sourceTree = "<group>";
		};
		B04BB82329B663B000505316 /* LaunchScreen.storyboard */ = {
			isa = PBXVariantGroup;
			children = (
				B04BB82429B663B000505316 /* Base */,
			);
			name = LaunchScreen.storyboard;
			sourceTree = "<group>";
		};
/* End PBXVariantGroup section */

/* Begin XCBuildConfiguration section */
		B04BB83D29B663B100505316 /* Debug */ = {
			isa = XCBuildConfiguration;
			buildSettings = {
				ALWAYS_SEARCH_USER_PATHS = NO;
				CLANG_ANALYZER_NONNULL = YES;
				CLANG_ANALYZER_NUMBER_OBJECT_CONVERSION = YES_AGGRESSIVE;
				CLANG_CXX_LANGUAGE_STANDARD = "gnu++20";
				CLANG_ENABLE_MODULES = YES;
				CLANG_ENABLE_OBJC_ARC = YES;
				CLANG_ENABLE_OBJC_WEAK = YES;
				CLANG_WARN_BLOCK_CAPTURE_AUTORELEASING = YES;
				CLANG_WARN_BOOL_CONVERSION = YES;
				CLANG_WARN_COMMA = YES;
				CLANG_WARN_CONSTANT_CONVERSION = YES;
				CLANG_WARN_DEPRECATED_OBJC_IMPLEMENTATIONS = YES;
				CLANG_WARN_DIRECT_OBJC_ISA_USAGE = YES_ERROR;
				CLANG_WARN_DOCUMENTATION_COMMENTS = YES;
				CLANG_WARN_EMPTY_BODY = YES;
				CLANG_WARN_ENUM_CONVERSION = YES;
				CLANG_WARN_INFINITE_RECURSION = YES;
				CLANG_WARN_INT_CONVERSION = YES;
				CLANG_WARN_NON_LITERAL_NULL_CONVERSION = YES;
				CLANG_WARN_OBJC_IMPLICIT_RETAIN_SELF = YES;
				CLANG_WARN_OBJC_LITERAL_CONVERSION = YES;
				CLANG_WARN_OBJC_ROOT_CLASS = YES_ERROR;
				CLANG_WARN_QUOTED_INCLUDE_IN_FRAMEWORK_HEADER = YES;
				CLANG_WARN_RANGE_LOOP_ANALYSIS = YES;
				CLANG_WARN_STRICT_PROTOTYPES = YES;
				CLANG_WARN_SUSPICIOUS_MOVE = YES;
				CLANG_WARN_UNGUARDED_AVAILABILITY = YES_AGGRESSIVE;
				CLANG_WARN_UNREACHABLE_CODE = YES;
				CLANG_WARN__DUPLICATE_METHOD_MATCH = YES;
				COPY_PHASE_STRIP = NO;
				DEBUG_INFORMATION_FORMAT = dwarf;
				ENABLE_STRICT_OBJC_MSGSEND = YES;
				ENABLE_TESTABILITY = YES;
				GCC_C_LANGUAGE_STANDARD = gnu11;
				GCC_DYNAMIC_NO_PIC = NO;
				GCC_NO_COMMON_BLOCKS = YES;
				GCC_OPTIMIZATION_LEVEL = 0;
				GCC_PREPROCESSOR_DEFINITIONS = (
					"DEBUG=1",
					"$(inherited)",
				);
				GCC_WARN_64_TO_32_BIT_CONVERSION = YES;
				GCC_WARN_ABOUT_RETURN_TYPE = YES_ERROR;
				GCC_WARN_UNDECLARED_SELECTOR = YES;
				GCC_WARN_UNINITIALIZED_AUTOS = YES_AGGRESSIVE;
				GCC_WARN_UNUSED_FUNCTION = YES;
				GCC_WARN_UNUSED_VARIABLE = YES;
				IPHONEOS_DEPLOYMENT_TARGET = 16.2;
				MTL_ENABLE_DEBUG_INFO = INCLUDE_SOURCE;
				MTL_FAST_MATH = YES;
				ONLY_ACTIVE_ARCH = YES;
				SDKROOT = iphoneos;
				SWIFT_ACTIVE_COMPILATION_CONDITIONS = DEBUG;
				SWIFT_OPTIMIZATION_LEVEL = "-Onone";
			};
			name = Debug;
		};
		B04BB83E29B663B100505316 /* Release */ = {
			isa = XCBuildConfiguration;
			buildSettings = {
				ALWAYS_SEARCH_USER_PATHS = NO;
				CLANG_ANALYZER_NONNULL = YES;
				CLANG_ANALYZER_NUMBER_OBJECT_CONVERSION = YES_AGGRESSIVE;
				CLANG_CXX_LANGUAGE_STANDARD = "gnu++20";
				CLANG_ENABLE_MODULES = YES;
				CLANG_ENABLE_OBJC_ARC = YES;
				CLANG_ENABLE_OBJC_WEAK = YES;
				CLANG_WARN_BLOCK_CAPTURE_AUTORELEASING = YES;
				CLANG_WARN_BOOL_CONVERSION = YES;
				CLANG_WARN_COMMA = YES;
				CLANG_WARN_CONSTANT_CONVERSION = YES;
				CLANG_WARN_DEPRECATED_OBJC_IMPLEMENTATIONS = YES;
				CLANG_WARN_DIRECT_OBJC_ISA_USAGE = YES_ERROR;
				CLANG_WARN_DOCUMENTATION_COMMENTS = YES;
				CLANG_WARN_EMPTY_BODY = YES;
				CLANG_WARN_ENUM_CONVERSION = YES;
				CLANG_WARN_INFINITE_RECURSION = YES;
				CLANG_WARN_INT_CONVERSION = YES;
				CLANG_WARN_NON_LITERAL_NULL_CONVERSION = YES;
				CLANG_WARN_OBJC_IMPLICIT_RETAIN_SELF = YES;
				CLANG_WARN_OBJC_LITERAL_CONVERSION = YES;
				CLANG_WARN_OBJC_ROOT_CLASS = YES_ERROR;
				CLANG_WARN_QUOTED_INCLUDE_IN_FRAMEWORK_HEADER = YES;
				CLANG_WARN_RANGE_LOOP_ANALYSIS = YES;
				CLANG_WARN_STRICT_PROTOTYPES = YES;
				CLANG_WARN_SUSPICIOUS_MOVE = YES;
				CLANG_WARN_UNGUARDED_AVAILABILITY = YES_AGGRESSIVE;
				CLANG_WARN_UNREACHABLE_CODE = YES;
				CLANG_WARN__DUPLICATE_METHOD_MATCH = YES;
				COPY_PHASE_STRIP = NO;
				DEBUG_INFORMATION_FORMAT = "dwarf-with-dsym";
				ENABLE_NS_ASSERTIONS = NO;
				ENABLE_STRICT_OBJC_MSGSEND = YES;
				GCC_C_LANGUAGE_STANDARD = gnu11;
				GCC_NO_COMMON_BLOCKS = YES;
				GCC_WARN_64_TO_32_BIT_CONVERSION = YES;
				GCC_WARN_ABOUT_RETURN_TYPE = YES_ERROR;
				GCC_WARN_UNDECLARED_SELECTOR = YES;
				GCC_WARN_UNINITIALIZED_AUTOS = YES_AGGRESSIVE;
				GCC_WARN_UNUSED_FUNCTION = YES;
				GCC_WARN_UNUSED_VARIABLE = YES;
				IPHONEOS_DEPLOYMENT_TARGET = 16.2;
				MTL_ENABLE_DEBUG_INFO = NO;
				MTL_FAST_MATH = YES;
				SDKROOT = iphoneos;
				SWIFT_COMPILATION_MODE = wholemodule;
				SWIFT_OPTIMIZATION_LEVEL = "-O";
				VALIDATE_PRODUCT = YES;
			};
			name = Release;
		};
		B04BB84029B663B100505316 /* Debug */ = {
			isa = XCBuildConfiguration;
			buildSettings = {
				ASSETCATALOG_COMPILER_APPICON_NAME = AppIcon;
				ASSETCATALOG_COMPILER_GLOBAL_ACCENT_COLOR_NAME = AccentColor;
				CODE_SIGN_STYLE = Automatic;
				CURRENT_PROJECT_VERSION = 1;
				DEVELOPMENT_TEAM = CS6D5JZQ9R;
				GENERATE_INFOPLIST_FILE = YES;
				INFOPLIST_FILE = BusinessApp/Main/Info.plist;
				INFOPLIST_KEY_UIApplicationSupportsIndirectInputEvents = YES;
				INFOPLIST_KEY_UILaunchStoryboardName = LaunchScreen;
				INFOPLIST_KEY_UISupportedInterfaceOrientations_iPad = "UIInterfaceOrientationPortrait UIInterfaceOrientationPortraitUpsideDown UIInterfaceOrientationLandscapeLeft UIInterfaceOrientationLandscapeRight";
				INFOPLIST_KEY_UISupportedInterfaceOrientations_iPhone = "UIInterfaceOrientationPortrait UIInterfaceOrientationLandscapeLeft UIInterfaceOrientationLandscapeRight";
				LD_RUNPATH_SEARCH_PATHS = (
					"$(inherited)",
					"@executable_path/Frameworks",
				);
				MARKETING_VERSION = 1.0;
				PRODUCT_BUNDLE_IDENTIFIER = com.leslyhiguera.BusinessApp;
				PRODUCT_NAME = "$(TARGET_NAME)";
				SWIFT_EMIT_LOC_STRINGS = YES;
				SWIFT_VERSION = 5.0;
				TARGETED_DEVICE_FAMILY = "1,2";
			};
			name = Debug;
		};
		B04BB84129B663B100505316 /* Release */ = {
			isa = XCBuildConfiguration;
			buildSettings = {
				ASSETCATALOG_COMPILER_APPICON_NAME = AppIcon;
				ASSETCATALOG_COMPILER_GLOBAL_ACCENT_COLOR_NAME = AccentColor;
				CODE_SIGN_IDENTITY = "Apple Development";
				CODE_SIGN_STYLE = Automatic;
				CURRENT_PROJECT_VERSION = 1;
				DEVELOPMENT_TEAM = CS6D5JZQ9R;
				GENERATE_INFOPLIST_FILE = YES;
				INFOPLIST_FILE = BusinessApp/Main/Info.plist;
				INFOPLIST_KEY_UIApplicationSupportsIndirectInputEvents = YES;
				INFOPLIST_KEY_UILaunchStoryboardName = LaunchScreen;
				INFOPLIST_KEY_UISupportedInterfaceOrientations_iPad = "UIInterfaceOrientationPortrait UIInterfaceOrientationPortraitUpsideDown UIInterfaceOrientationLandscapeLeft UIInterfaceOrientationLandscapeRight";
				INFOPLIST_KEY_UISupportedInterfaceOrientations_iPhone = "UIInterfaceOrientationPortrait UIInterfaceOrientationLandscapeLeft UIInterfaceOrientationLandscapeRight";
				LD_RUNPATH_SEARCH_PATHS = (
					"$(inherited)",
					"@executable_path/Frameworks",
				);
				MARKETING_VERSION = 1.0;
				PRODUCT_BUNDLE_IDENTIFIER = com.leslyhiguera.BusinessApp;
				PRODUCT_NAME = "$(TARGET_NAME)";
				PROVISIONING_PROFILE_SPECIFIER = "";
				SWIFT_EMIT_LOC_STRINGS = YES;
				SWIFT_VERSION = 5.0;
				TARGETED_DEVICE_FAMILY = "1,2";
			};
			name = Release;
		};
		B04BB84329B663B100505316 /* Debug */ = {
			isa = XCBuildConfiguration;
			buildSettings = {
				ALWAYS_EMBED_SWIFT_STANDARD_LIBRARIES = YES;
				BUNDLE_LOADER = "$(TEST_HOST)";
				CODE_SIGN_STYLE = Automatic;
				CURRENT_PROJECT_VERSION = 1;
				GENERATE_INFOPLIST_FILE = YES;
				IPHONEOS_DEPLOYMENT_TARGET = 16.2;
				MARKETING_VERSION = 1.0;
				PRODUCT_BUNDLE_IDENTIFIER = com.leslyhiguera.BusinessAppTests;
				PRODUCT_NAME = "$(TARGET_NAME)";
				SWIFT_EMIT_LOC_STRINGS = NO;
				SWIFT_VERSION = 5.0;
				TARGETED_DEVICE_FAMILY = "1,2";
				TEST_HOST = "$(BUILT_PRODUCTS_DIR)/BusinessApp.app/$(BUNDLE_EXECUTABLE_FOLDER_PATH)/BusinessApp";
			};
			name = Debug;
		};
		B04BB84429B663B100505316 /* Release */ = {
			isa = XCBuildConfiguration;
			buildSettings = {
				ALWAYS_EMBED_SWIFT_STANDARD_LIBRARIES = YES;
				BUNDLE_LOADER = "$(TEST_HOST)";
				CODE_SIGN_STYLE = Automatic;
				CURRENT_PROJECT_VERSION = 1;
				GENERATE_INFOPLIST_FILE = YES;
				IPHONEOS_DEPLOYMENT_TARGET = 16.2;
				MARKETING_VERSION = 1.0;
				PRODUCT_BUNDLE_IDENTIFIER = com.leslyhiguera.BusinessAppTests;
				PRODUCT_NAME = "$(TARGET_NAME)";
				SWIFT_EMIT_LOC_STRINGS = NO;
				SWIFT_VERSION = 5.0;
				TARGETED_DEVICE_FAMILY = "1,2";
				TEST_HOST = "$(BUILT_PRODUCTS_DIR)/BusinessApp.app/$(BUNDLE_EXECUTABLE_FOLDER_PATH)/BusinessApp";
			};
			name = Release;
		};
		B04BB84629B663B100505316 /* Debug */ = {
			isa = XCBuildConfiguration;
			buildSettings = {
				ALWAYS_EMBED_SWIFT_STANDARD_LIBRARIES = YES;
				CODE_SIGN_STYLE = Automatic;
				CURRENT_PROJECT_VERSION = 1;
				GENERATE_INFOPLIST_FILE = YES;
				MARKETING_VERSION = 1.0;
				PRODUCT_BUNDLE_IDENTIFIER = com.leslyhiguera.BusinessAppUITests;
				PRODUCT_NAME = "$(TARGET_NAME)";
				SWIFT_EMIT_LOC_STRINGS = NO;
				SWIFT_VERSION = 5.0;
				TARGETED_DEVICE_FAMILY = "1,2";
				TEST_TARGET_NAME = BusinessApp;
			};
			name = Debug;
		};
		B04BB84729B663B100505316 /* Release */ = {
			isa = XCBuildConfiguration;
			buildSettings = {
				ALWAYS_EMBED_SWIFT_STANDARD_LIBRARIES = YES;
				CODE_SIGN_STYLE = Automatic;
				CURRENT_PROJECT_VERSION = 1;
				GENERATE_INFOPLIST_FILE = YES;
				MARKETING_VERSION = 1.0;
				PRODUCT_BUNDLE_IDENTIFIER = com.leslyhiguera.BusinessAppUITests;
				PRODUCT_NAME = "$(TARGET_NAME)";
				SWIFT_EMIT_LOC_STRINGS = NO;
				SWIFT_VERSION = 5.0;
				TARGETED_DEVICE_FAMILY = "1,2";
				TEST_TARGET_NAME = BusinessApp;
			};
			name = Release;
		};
/* End XCBuildConfiguration section */

/* Begin XCConfigurationList section */
		B04BB80D29B663AF00505316 /* Build configuration list for PBXProject "BusinessApp" */ = {
			isa = XCConfigurationList;
			buildConfigurations = (
				B04BB83D29B663B100505316 /* Debug */,
				B04BB83E29B663B100505316 /* Release */,
			);
			defaultConfigurationIsVisible = 0;
			defaultConfigurationName = Release;
		};
		B04BB83F29B663B100505316 /* Build configuration list for PBXNativeTarget "BusinessApp" */ = {
			isa = XCConfigurationList;
			buildConfigurations = (
				B04BB84029B663B100505316 /* Debug */,
				B04BB84129B663B100505316 /* Release */,
			);
			defaultConfigurationIsVisible = 0;
			defaultConfigurationName = Release;
		};
		B04BB84229B663B100505316 /* Build configuration list for PBXNativeTarget "BusinessAppTests" */ = {
			isa = XCConfigurationList;
			buildConfigurations = (
				B04BB84329B663B100505316 /* Debug */,
				B04BB84429B663B100505316 /* Release */,
			);
			defaultConfigurationIsVisible = 0;
			defaultConfigurationName = Release;
		};
		B04BB84529B663B100505316 /* Build configuration list for PBXNativeTarget "BusinessAppUITests" */ = {
			isa = XCConfigurationList;
			buildConfigurations = (
				B04BB84629B663B100505316 /* Debug */,
				B04BB84729B663B100505316 /* Release */,
			);
			defaultConfigurationIsVisible = 0;
			defaultConfigurationName = Release;
		};
/* End XCConfigurationList section */

/* Begin XCVersionGroup section */
		B04BB81E29B663AF00505316 /* BusinessApp.xcdatamodeld */ = {
			isa = XCVersionGroup;
			children = (
				B04BB81F29B663AF00505316 /* BusinessApp.xcdatamodel */,
			);
			currentVersion = B04BB81F29B663AF00505316 /* BusinessApp.xcdatamodel */;
			path = BusinessApp.xcdatamodeld;
			sourceTree = "<group>";
			versionGroupType = wrapper.xcdatamodel;
		};
/* End XCVersionGroup section */
	};
	rootObject = B04BB80A29B663AF00505316 /* Project object */;
}
